
Microsoft Visual Studio Solution File, Format Version 12.00
# Visual Studio Version 16
VisualStudioVersion = 16.0.31005.135
MinimumVisualStudioVersion = 10.0.40219.1
Project("{9A19103F-16F7-4668-BE54-9A1E7A4F7556}") = "Frequency", "Frequency\Frequency.csproj", "{20EE59D1-5C3D-4118-8567-8A8EB6471661}"
EndProject
Project("{9A19103F-16F7-4668-BE54-9A1E7A4F7556}") = "TextFromFileAnalysis", "TextAnalysis\TextFromFileAnalysis.csproj", "{DA10C953-86F7-49D6-9435-EF2235C9913D}"
EndProject
Project("{FAE04EC0-301F-11D3-BF4B-00C04F79EFBC}") = "TextFromFileAnalysisTests", "TextFromFileAnalysisTests\TextFromFileAnalysisTests.csproj", "{C88264AC-DE2B-4742-B651-848F8231C5AD}"
EndProject
Global
	GlobalSection(SolutionConfigurationPlatforms) = preSolution
		Debug|Any CPU = Debug|Any CPU
		Release|Any CPU = Release|Any CPU
	EndGlobalSection
	GlobalSection(ProjectConfigurationPlatforms) = postSolution
		{20EE59D1-5C3D-4118-8567-8A8EB6471661}.Debug|Any CPU.ActiveCfg = Debug|Any CPU
		{20EE59D1-5C3D-4118-8567-8A8EB6471661}.Debug|Any CPU.Build.0 = Debug|Any CPU
		{20EE59D1-5C3D-4118-8567-8A8EB6471661}.Release|Any CPU.ActiveCfg = Release|Any CPU
		{20EE59D1-5C3D-4118-8567-8A8EB6471661}.Release|Any CPU.Build.0 = Release|Any CPU
		{DA10C953-86F7-49D6-9435-EF2235C9913D}.Debug|Any CPU.ActiveCfg = Debug|Any CPU
		{DA10C953-86F7-49D6-9435-EF2235C9913D}.Debug|Any CPU.Build.0 = Debug|Any CPU
		{DA10C953-86F7-49D6-9435-EF2235C9913D}.Release|Any CPU.ActiveCfg = Release|Any CPU
		{DA10C953-86F7-49D6-9435-EF2235C9913D}.Release|Any CPU.Build.0 = Release|Any CPU
		{C88264AC-DE2B-4742-B651-848F8231C5AD}.Debug|Any CPU.ActiveCfg = Debug|Any CPU
		{C88264AC-DE2B-4742-B651-848F8231C5AD}.Debug|Any CPU.Build.0 = Debug|Any CPU
		{C88264AC-DE2B-4742-B651-848F8231C5AD}.Release|Any CPU.ActiveCfg = Release|Any CPU
		{C88264AC-DE2B-4742-B651-848F8231C5AD}.Release|Any CPU.Build.0 = Release|Any CPU
	EndGlobalSection
	GlobalSection(SolutionProperties) = preSolution
		HideSolutionNode = FALSE
	EndGlobalSection
	GlobalSection(ExtensibilityGlobals) = postSolution
		SolutionGuid = {CC1D8BE2-5298-4D8E-B023-C2D78603C9BC}
	EndGlobalSection
EndGlobal
